
Microsoft Visual Studio Solution File, Format Version 12.00
# Visual Studio Version 17
VisualStudioVersion = 17.14.36301.6
MinimumVisualStudioVersion = 10.0.40219.1
Project("{FAE04EC0-301F-11D3-BF4B-00C04F79EFBC}") = "myCsharpSqlProject", "myCsharpSqlProject\myCsharpSqlProject.csproj", "{518E035C-662C-439B-8431-895EFE37879F}"
EndProject
Project("{2150E333-8FDC-42A3-9474-1A3956D46DE8}") = "Çözüm Öğeleri", "Çözüm Öğeleri", "{AC80F682-3D55-C8F8-4895-A4A9EDD49434}"
	ProjectSection(SolutionItems) = preProject
		..\..\..\OneDrive\Masaüstü\database.sql = ..\..\..\OneDrive\Masaüstü\database.sql
	EndProjectSection
EndProject
Global
	GlobalSection(SolutionConfigurationPlatforms) = preSolution
		Debug|Any CPU = Debug|Any CPU
		Release|Any CPU = Release|Any CPU
	EndGlobalSection
	GlobalSection(ProjectConfigurationPlatforms) = postSolution
		{518E035C-662C-439B-8431-895EFE37879F}.Debug|Any CPU.ActiveCfg = Debug|Any CPU
		{518E035C-662C-439B-8431-895EFE37879F}.Debug|Any CPU.Build.0 = Debug|Any CPU
		{518E035C-662C-439B-8431-895EFE37879F}.Release|Any CPU.ActiveCfg = Release|Any CPU
		{518E035C-662C-439B-8431-895EFE37879F}.Release|Any CPU.Build.0 = Release|Any CPU
	EndGlobalSection
	GlobalSection(SolutionProperties) = preSolution
		HideSolutionNode = FALSE
	EndGlobalSection
	GlobalSection(ExtensibilityGlobals) = postSolution
		SolutionGuid = {24481236-F5A1-4DFC-8FDA-9CE42B18002E}
	EndGlobalSection
EndGlobal
